
Microsoft Visual Studio Solution File, Format Version 12.00
# Visual Studio Version 17
VisualStudioVersion = 17.4.33205.214
MinimumVisualStudioVersion = 10.0.40219.1
Project("{9A19103F-16F7-4668-BE54-9A1E7A4F7556}") = "jogging times", "jogging times\jogging times.csproj", "{EA69B18D-6D3B-4D48-8BD5-D5B76CBCAB3F}"
EndProject
Project("{FAE04EC0-301F-11D3-BF4B-00C04F79EFBC}") = "nunitJogging_test", "nunitJogging_test\nunitJogging_test.csproj", "{D73B15E8-E745-44B8-B89D-FD0B0C405D56}"
EndProject
Global
	GlobalSection(SolutionConfigurationPlatforms) = preSolution
		Debug|Any CPU = Debug|Any CPU
		Release|Any CPU = Release|Any CPU
	EndGlobalSection
	GlobalSection(ProjectConfigurationPlatforms) = postSolution
		{EA69B18D-6D3B-4D48-8BD5-D5B76CBCAB3F}.Debug|Any CPU.ActiveCfg = Debug|Any CPU
		{EA69B18D-6D3B-4D48-8BD5-D5B76CBCAB3F}.Debug|Any CPU.Build.0 = Debug|Any CPU
		{EA69B18D-6D3B-4D48-8BD5-D5B76CBCAB3F}.Release|Any CPU.ActiveCfg = Release|Any CPU
		{EA69B18D-6D3B-4D48-8BD5-D5B76CBCAB3F}.Release|Any CPU.Build.0 = Release|Any CPU
		{D73B15E8-E745-44B8-B89D-FD0B0C405D56}.Debug|Any CPU.ActiveCfg = Debug|Any CPU
		{D73B15E8-E745-44B8-B89D-FD0B0C405D56}.Debug|Any CPU.Build.0 = Debug|Any CPU
		{D73B15E8-E745-44B8-B89D-FD0B0C405D56}.Release|Any CPU.ActiveCfg = Release|Any CPU
		{D73B15E8-E745-44B8-B89D-FD0B0C405D56}.Release|Any CPU.Build.0 = Release|Any CPU
	EndGlobalSection
	GlobalSection(SolutionProperties) = preSolution
		HideSolutionNode = FALSE
	EndGlobalSection
	GlobalSection(ExtensibilityGlobals) = postSolution
		SolutionGuid = {00F362A1-ADCF-4178-813D-D53515FFF3CD}
	EndGlobalSection
EndGlobal
